
Microsoft Visual Studio Solution File, Format Version 12.00
# Visual Studio 15
VisualStudioVersion = 15.0.28307.329
MinimumVisualStudioVersion = 10.0.40219.1
Project("{FAE04EC0-301F-11D3-BF4B-00C04F79EFBC}") = "WebApiPR", "WebApiPR\WebApiPR.csproj", "{06DBCF59-0CFE-402F-8F79-CBF09079089A}"
EndProject
Global
	GlobalSection(SolutionConfigurationPlatforms) = preSolution
		Debug|Any CPU = Debug|Any CPU
		Release|Any CPU = Release|Any CPU
	EndGlobalSection
	GlobalSection(ProjectConfigurationPlatforms) = postSolution
		{06DBCF59-0CFE-402F-8F79-CBF09079089A}.Debug|Any CPU.ActiveCfg = Debug|Any CPU
		{06DBCF59-0CFE-402F-8F79-CBF09079089A}.Debug|Any CPU.Build.0 = Debug|Any CPU
		{06DBCF59-0CFE-402F-8F79-CBF09079089A}.Release|Any CPU.ActiveCfg = Release|Any CPU
		{06DBCF59-0CFE-402F-8F79-CBF09079089A}.Release|Any CPU.Build.0 = Release|Any CPU
	EndGlobalSection
	GlobalSection(SolutionProperties) = preSolution
		HideSolutionNode = FALSE
	EndGlobalSection
	GlobalSection(ExtensibilityGlobals) = postSolution
		SolutionGuid = {A28D7E76-4151-46D2-851F-305296C5F1E6}
	EndGlobalSection
EndGlobal
